
Microsoft Visual Studio Solution File, Format Version 12.00
# Visual Studio Version 16
VisualStudioVersion = 16.0.30717.126
MinimumVisualStudioVersion = 10.0.40219.1
Project("{2150E333-8FDC-42A3-9474-1A3956D46DE8}") = "Parcial I", "Parcial I", "{14A5DAE6-E83C-4C0E-A587-47D6527393A8}"
EndProject
Project("{2150E333-8FDC-42A3-9474-1A3956D46DE8}") = "Parcial II", "Parcial II", "{3A3DEE31-B0E9-4930-B8B9-C2E3CCB516C3}"
EndProject
Project("{2150E333-8FDC-42A3-9474-1A3956D46DE8}") = "Parcial III", "Parcial III", "{11E8378B-6D42-4F10-A46B-5BD159012686}"
EndProject
Project("{9A19103F-16F7-4668-BE54-9A1E7A4F7556}") = "A1-Area de un triangulo", "A1-Area de un triangulo\A1-Area de un triangulo.csproj", "{BF55561A-D6EE-4BBB-B115-C0160880B09F}"
EndProject
Project("{9A19103F-16F7-4668-BE54-9A1E7A4F7556}") = "T1-Acomodar vacas", "T1-Acomodar vacas\T1-Acomodar vacas.csproj", "{84F38818-9152-434D-817E-FEFBE449E647}"
EndProject
Project("{9A19103F-16F7-4668-BE54-9A1E7A4F7556}") = "A2 - Tipo de triangulo", "A2 - Tipo de triangulo\A2 - Tipo de triangulo.csproj", "{CB891734-76A1-450A-A5DE-2DB8CD327EC8}"
EndProject
Project("{9A19103F-16F7-4668-BE54-9A1E7A4F7556}") = "A3 -Diagonal Principal", "A3 -Diagonal Principal\A3 -Diagonal Principal.csproj", "{A39EE348-D294-4785-84A5-E96B66B0188D}"
EndProject
Project("{9A19103F-16F7-4668-BE54-9A1E7A4F7556}") = "E1 - Juego del gato", "E1 - Juego del gato\E1 - Juego del gato.csproj", "{CCB508F7-A789-4C71-9BA7-633387D56952}"
EndProject
Project("{9A19103F-16F7-4668-BE54-9A1E7A4F7556}") = "T6 - Rank", "T6 - Rank\T6 - Rank.csproj", "{FF7DD254-B0C3-4C86-8B02-FCB9FAEE28DE}"
EndProject
Project("{FAE04EC0-301F-11D3-BF4B-00C04F79EFBC}") = "A6 - Conversion de unidades", "A6 - Conversion de unidades\A6 - Conversion de unidades.csproj", "{EEE06BD1-93AC-42AE-B895-5915A64A0CD1}"
EndProject
Project("{9A19103F-16F7-4668-BE54-9A1E7A4F7556}") = "A9 - Server SignalR", "A9 - Server SignalR\A9 - Server SignalR.csproj", "{F84F59E3-8374-4162-9A6A-A93F83FE47C8}"
EndProject
Project("{9A19103F-16F7-4668-BE54-9A1E7A4F7556}") = "A9 - Client Signalr", "A9 - Client Signalr\A9 - Client Signalr.csproj", "{E140C4D2-AABF-4E40-9E50-427FBE46D22A}"
EndProject
Project("{2150E333-8FDC-42A3-9474-1A3956D46DE8}") = "Examen Parcia II", "Examen Parcia II", "{D53D2D27-5316-4EB5-9609-7D2AE972878A}"
EndProject
Project("{FAE04EC0-301F-11D3-BF4B-00C04F79EFBC}") = "Servidor Signalr Adivinador", "Servidor Signalr Adivinador\Servidor Signalr Adivinador.csproj", "{8E430086-4758-43A1-8610-227C93E7E050}"
EndProject
Project("{FAE04EC0-301F-11D3-BF4B-00C04F79EFBC}") = "Cliente Signalr Adivinador", "Cliente Signalr Adivinador\Cliente Signalr Adivinador.csproj", "{C11A0BE1-C2CD-4B14-BF39-3C09BFC9E235}"
EndProject
Project("{FAE04EC0-301F-11D3-BF4B-00C04F79EFBC}") = "UserInfo", "UserInfo\UserInfo.csproj", "{DB1A7577-9A8B-4777-BB7B-D9BB187A52D0}"
EndProject
Global
	GlobalSection(SolutionConfigurationPlatforms) = preSolution
		Debug|Any CPU = Debug|Any CPU
		Release|Any CPU = Release|Any CPU
	EndGlobalSection
	GlobalSection(ProjectConfigurationPlatforms) = postSolution
		{BF55561A-D6EE-4BBB-B115-C0160880B09F}.Debug|Any CPU.ActiveCfg = Debug|Any CPU
		{BF55561A-D6EE-4BBB-B115-C0160880B09F}.Debug|Any CPU.Build.0 = Debug|Any CPU
		{BF55561A-D6EE-4BBB-B115-C0160880B09F}.Release|Any CPU.ActiveCfg = Release|Any CPU
		{BF55561A-D6EE-4BBB-B115-C0160880B09F}.Release|Any CPU.Build.0 = Release|Any CPU
		{84F38818-9152-434D-817E-FEFBE449E647}.Debug|Any CPU.ActiveCfg = Debug|Any CPU
		{84F38818-9152-434D-817E-FEFBE449E647}.Debug|Any CPU.Build.0 = Debug|Any CPU
		{84F38818-9152-434D-817E-FEFBE449E647}.Release|Any CPU.ActiveCfg = Release|Any CPU
		{84F38818-9152-434D-817E-FEFBE449E647}.Release|Any CPU.Build.0 = Release|Any CPU
		{CB891734-76A1-450A-A5DE-2DB8CD327EC8}.Debug|Any CPU.ActiveCfg = Debug|Any CPU
		{CB891734-76A1-450A-A5DE-2DB8CD327EC8}.Debug|Any CPU.Build.0 = Debug|Any CPU
		{CB891734-76A1-450A-A5DE-2DB8CD327EC8}.Release|Any CPU.ActiveCfg = Release|Any CPU
		{CB891734-76A1-450A-A5DE-2DB8CD327EC8}.Release|Any CPU.Build.0 = Release|Any CPU
		{A39EE348-D294-4785-84A5-E96B66B0188D}.Debug|Any CPU.ActiveCfg = Debug|Any CPU
		{A39EE348-D294-4785-84A5-E96B66B0188D}.Debug|Any CPU.Build.0 = Debug|Any CPU
		{A39EE348-D294-4785-84A5-E96B66B0188D}.Release|Any CPU.ActiveCfg = Release|Any CPU
		{A39EE348-D294-4785-84A5-E96B66B0188D}.Release|Any CPU.Build.0 = Release|Any CPU
		{CCB508F7-A789-4C71-9BA7-633387D56952}.Debug|Any CPU.ActiveCfg = Debug|Any CPU
		{CCB508F7-A789-4C71-9BA7-633387D56952}.Debug|Any CPU.Build.0 = Debug|Any CPU
		{CCB508F7-A789-4C71-9BA7-633387D56952}.Release|Any CPU.ActiveCfg = Release|Any CPU
		{CCB508F7-A789-4C71-9BA7-633387D56952}.Release|Any CPU.Build.0 = Release|Any CPU
		{FF7DD254-B0C3-4C86-8B02-FCB9FAEE28DE}.Debug|Any CPU.ActiveCfg = Debug|Any CPU
		{FF7DD254-B0C3-4C86-8B02-FCB9FAEE28DE}.Debug|Any CPU.Build.0 = Debug|Any CPU
		{FF7DD254-B0C3-4C86-8B02-FCB9FAEE28DE}.Release|Any CPU.ActiveCfg = Release|Any CPU
		{FF7DD254-B0C3-4C86-8B02-FCB9FAEE28DE}.Release|Any CPU.Build.0 = Release|Any CPU
		{EEE06BD1-93AC-42AE-B895-5915A64A0CD1}.Debug|Any CPU.ActiveCfg = Debug|Any CPU
		{EEE06BD1-93AC-42AE-B895-5915A64A0CD1}.Debug|Any CPU.Build.0 = Debug|Any CPU
		{EEE06BD1-93AC-42AE-B895-5915A64A0CD1}.Release|Any CPU.ActiveCfg = Release|Any CPU
		{EEE06BD1-93AC-42AE-B895-5915A64A0CD1}.Release|Any CPU.Build.0 = Release|Any CPU
		{F84F59E3-8374-4162-9A6A-A93F83FE47C8}.Debug|Any CPU.ActiveCfg = Debug|Any CPU
		{F84F59E3-8374-4162-9A6A-A93F83FE47C8}.Debug|Any CPU.Build.0 = Debug|Any CPU
		{F84F59E3-8374-4162-9A6A-A93F83FE47C8}.Release|Any CPU.ActiveCfg = Release|Any CPU
		{F84F59E3-8374-4162-9A6A-A93F83FE47C8}.Release|Any CPU.Build.0 = Release|Any CPU
		{E140C4D2-AABF-4E40-9E50-427FBE46D22A}.Debug|Any CPU.ActiveCfg = Debug|Any CPU
		{E140C4D2-AABF-4E40-9E50-427FBE46D22A}.Debug|Any CPU.Build.0 = Debug|Any CPU
		{E140C4D2-AABF-4E40-9E50-427FBE46D22A}.Release|Any CPU.ActiveCfg = Release|Any CPU
		{E140C4D2-AABF-4E40-9E50-427FBE46D22A}.Release|Any CPU.Build.0 = Release|Any CPU
		{8E430086-4758-43A1-8610-227C93E7E050}.Debug|Any CPU.ActiveCfg = Debug|Any CPU
		{8E430086-4758-43A1-8610-227C93E7E050}.Debug|Any CPU.Build.0 = Debug|Any CPU
		{8E430086-4758-43A1-8610-227C93E7E050}.Release|Any CPU.ActiveCfg = Release|Any CPU
		{8E430086-4758-43A1-8610-227C93E7E050}.Release|Any CPU.Build.0 = Release|Any CPU
		{C11A0BE1-C2CD-4B14-BF39-3C09BFC9E235}.Debug|Any CPU.ActiveCfg = Debug|Any CPU
		{C11A0BE1-C2CD-4B14-BF39-3C09BFC9E235}.Debug|Any CPU.Build.0 = Debug|Any CPU
		{C11A0BE1-C2CD-4B14-BF39-3C09BFC9E235}.Release|Any CPU.ActiveCfg = Release|Any CPU
		{C11A0BE1-C2CD-4B14-BF39-3C09BFC9E235}.Release|Any CPU.Build.0 = Release|Any CPU
		{DB1A7577-9A8B-4777-BB7B-D9BB187A52D0}.Debug|Any CPU.ActiveCfg = Debug|Any CPU
		{DB1A7577-9A8B-4777-BB7B-D9BB187A52D0}.Debug|Any CPU.Build.0 = Debug|Any CPU
		{DB1A7577-9A8B-4777-BB7B-D9BB187A52D0}.Release|Any CPU.ActiveCfg = Release|Any CPU
		{DB1A7577-9A8B-4777-BB7B-D9BB187A52D0}.Release|Any CPU.Build.0 = Release|Any CPU
	EndGlobalSection
	GlobalSection(SolutionProperties) = preSolution
		HideSolutionNode = FALSE
	EndGlobalSection
	GlobalSection(NestedProjects) = preSolution
		{BF55561A-D6EE-4BBB-B115-C0160880B09F} = {14A5DAE6-E83C-4C0E-A587-47D6527393A8}
		{84F38818-9152-434D-817E-FEFBE449E647} = {14A5DAE6-E83C-4C0E-A587-47D6527393A8}
		{CB891734-76A1-450A-A5DE-2DB8CD327EC8} = {14A5DAE6-E83C-4C0E-A587-47D6527393A8}
		{A39EE348-D294-4785-84A5-E96B66B0188D} = {14A5DAE6-E83C-4C0E-A587-47D6527393A8}
		{CCB508F7-A789-4C71-9BA7-633387D56952} = {14A5DAE6-E83C-4C0E-A587-47D6527393A8}
		{FF7DD254-B0C3-4C86-8B02-FCB9FAEE28DE} = {14A5DAE6-E83C-4C0E-A587-47D6527393A8}
		{EEE06BD1-93AC-42AE-B895-5915A64A0CD1} = {14A5DAE6-E83C-4C0E-A587-47D6527393A8}
		{F84F59E3-8374-4162-9A6A-A93F83FE47C8} = {14A5DAE6-E83C-4C0E-A587-47D6527393A8}
		{E140C4D2-AABF-4E40-9E50-427FBE46D22A} = {14A5DAE6-E83C-4C0E-A587-47D6527393A8}
		{D53D2D27-5316-4EB5-9609-7D2AE972878A} = {3A3DEE31-B0E9-4930-B8B9-C2E3CCB516C3}
		{8E430086-4758-43A1-8610-227C93E7E050} = {D53D2D27-5316-4EB5-9609-7D2AE972878A}
		{C11A0BE1-C2CD-4B14-BF39-3C09BFC9E235} = {D53D2D27-5316-4EB5-9609-7D2AE972878A}
		{DB1A7577-9A8B-4777-BB7B-D9BB187A52D0} = {D53D2D27-5316-4EB5-9609-7D2AE972878A}
	EndGlobalSection
	GlobalSection(ExtensibilityGlobals) = postSolution
		SolutionGuid = {42034C4F-DE17-429E-B5C6-A34EADDE2D66}
	EndGlobalSection
EndGlobal
